// !$*UTF8*$!
{
	archiveVersion = 1;
	classes = {
	};
	objectVersion = 56;
	objects = {

/* Begin PBXBuildFile section */
		933988FF2C7BCB8A006A986F /* SettingsView.swift in Sources */ = {isa = PBXBuildFile; fileRef = 933988FE2C7BCB8A006A986F /* SettingsView.swift */; };
		93B729EB2C7A486D002B3183 /* ContentView.swift in Sources */ = {isa = PBXBuildFile; fileRef = 93B729EA2C7A486D002B3183 /* ContentView.swift */; };
		93B729ED2C7A486E002B3183 /* Assets.xcassets in Resources */ = {isa = PBXBuildFile; fileRef = 93B729EC2C7A486E002B3183 /* Assets.xcassets */; };
		93B729F02C7A486E002B3183 /* Preview Assets.xcassets in Resources */ = {isa = PBXBuildFile; fileRef = 93B729EF2C7A486E002B3183 /* Preview Assets.xcassets */; };
		93B729FB2C7A486E002B3183 /* ElevenLabsTTSTests.swift in Sources */ = {isa = PBXBuildFile; fileRef = 93B729FA2C7A486E002B3183 /* ElevenLabsTTSTests.swift */; };
		93B72A052C7A486E002B3183 /* ElevenLabsTTSUITests.swift in Sources */ = {isa = PBXBuildFile; fileRef = 93B72A042C7A486E002B3183 /* ElevenLabsTTSUITests.swift */; };
		93B72A072C7A486E002B3183 /* ElevenLabsTTSUITestsLaunchTests.swift in Sources */ = {isa = PBXBuildFile; fileRef = 93B72A062C7A486E002B3183 /* ElevenLabsTTSUITestsLaunchTests.swift */; };
		93B72A142C7A493D002B3183 /* MenuBarApp.swift in Sources */ = {isa = PBXBuildFile; fileRef = 93B72A132C7A493D002B3183 /* MenuBarApp.swift */; };
		93B72A162C7A4E1D002B3183 /* sample.mp3 in Resources */ = {isa = PBXBuildFile; fileRef = 93B72A152C7A4E1D002B3183 /* sample.mp3 */; };
		93B72A182C7A4F49002B3183 /* ElevenLabsAPI.swift in Sources */ = {isa = PBXBuildFile; fileRef = 93B72A172C7A4F49002B3183 /* ElevenLabsAPI.swift */; };
		93B72A1E2C7A6077002B3183 /* elevenlogo.png in Resources */ = {isa = PBXBuildFile; fileRef = 93B72A1D2C7A6077002B3183 /* elevenlogo.png */; };
/* End PBXBuildFile section */

/* Begin PBXContainerItemProxy section */
		93B729F72C7A486E002B3183 /* PBXContainerItemProxy */ = {
			isa = PBXContainerItemProxy;
			containerPortal = 93B729DD2C7A486D002B3183 /* Project object */;
			proxyType = 1;
			remoteGlobalIDString = 93B729E42C7A486D002B3183;
			remoteInfo = ElevenLabsTTS;
		};
		93B72A012C7A486E002B3183 /* PBXContainerItemProxy */ = {
			isa = PBXContainerItemProxy;
			containerPortal = 93B729DD2C7A486D002B3183 /* Project object */;
			proxyType = 1;
			remoteGlobalIDString = 93B729E42C7A486D002B3183;
			remoteInfo = ElevenLabsTTS;
		};
/* End PBXContainerItemProxy section */

/* Begin PBXFileReference section */
		933988FE2C7BCB8A006A986F /* SettingsView.swift */ = {isa = PBXFileReference; lastKnownFileType = sourcecode.swift; path = SettingsView.swift; sourceTree = "<group>"; };
		93B729E52C7A486D002B3183 /* ElevenLabsTTS.app */ = {isa = PBXFileReference; explicitFileType = wrapper.application; includeInIndex = 0; path = ElevenLabsTTS.app; sourceTree = BUILT_PRODUCTS_DIR; };
		93B729EA2C7A486D002B3183 /* ContentView.swift */ = {isa = PBXFileReference; lastKnownFileType = sourcecode.swift; path = ContentView.swift; sourceTree = "<group>"; };
		93B729EC2C7A486E002B3183 /* Assets.xcassets */ = {isa = PBXFileReference; lastKnownFileType = folder.assetcatalog; path = Assets.xcassets; sourceTree = "<group>"; };
		93B729EF2C7A486E002B3183 /* Preview Assets.xcassets */ = {isa = PBXFileReference; lastKnownFileType = folder.assetcatalog; path = "Preview Assets.xcassets"; sourceTree = "<group>"; };
		93B729F12C7A486E002B3183 /* ElevenLabsTTS.entitlements */ = {isa = PBXFileReference; lastKnownFileType = text.plist.entitlements; path = ElevenLabsTTS.entitlements; sourceTree = "<group>"; };
		93B729F62C7A486E002B3183 /* ElevenLabsTTSTests.xctest */ = {isa = PBXFileReference; explicitFileType = wrapper.cfbundle; includeInIndex = 0; path = ElevenLabsTTSTests.xctest; sourceTree = BUILT_PRODUCTS_DIR; };
		93B729FA2C7A486E002B3183 /* ElevenLabsTTSTests.swift */ = {isa = PBXFileReference; lastKnownFileType = sourcecode.swift; path = ElevenLabsTTSTests.swift; sourceTree = "<group>"; };
		93B72A002C7A486E002B3183 /* ElevenLabsTTSUITests.xctest */ = {isa = PBXFileReference; explicitFileType = wrapper.cfbundle; includeInIndex = 0; path = ElevenLabsTTSUITests.xctest; sourceTree = BUILT_PRODUCTS_DIR; };
		93B72A042C7A486E002B3183 /* ElevenLabsTTSUITests.swift */ = {isa = PBXFileReference; lastKnownFileType = sourcecode.swift; path = ElevenLabsTTSUITests.swift; sourceTree = "<group>"; };
		93B72A062C7A486E002B3183 /* ElevenLabsTTSUITestsLaunchTests.swift */ = {isa = PBXFileReference; lastKnownFileType = sourcecode.swift; path = ElevenLabsTTSUITestsLaunchTests.swift; sourceTree = "<group>"; };
		93B72A132C7A493D002B3183 /* MenuBarApp.swift */ = {isa = PBXFileReference; lastKnownFileType = sourcecode.swift; path = MenuBarApp.swift; sourceTree = "<group>"; };
		93B72A152C7A4E1D002B3183 /* sample.mp3 */ = {isa = PBXFileReference; lastKnownFileType = audio.mp3; path = sample.mp3; sourceTree = "<group>"; };
		93B72A172C7A4F49002B3183 /* ElevenLabsAPI.swift */ = {isa = PBXFileReference; lastKnownFileType = sourcecode.swift; path = ElevenLabsAPI.swift; sourceTree = "<group>"; };
		93B72A1D2C7A6077002B3183 /* elevenlogo.png */ = {isa = PBXFileReference; lastKnownFileType = image.png; path = elevenlogo.png; sourceTree = "<group>"; };
/* End PBXFileReference section */

/* Begin PBXFrameworksBuildPhase section */
		93B729E22C7A486D002B3183 /* Frameworks */ = {
			isa = PBXFrameworksBuildPhase;
			buildActionMask = 2147483647;
			files = (
			);
			runOnlyForDeploymentPostprocessing = 0;
		};
		93B729F32C7A486E002B3183 /* Frameworks */ = {
			isa = PBXFrameworksBuildPhase;
			buildActionMask = 2147483647;
			files = (
			);
			runOnlyForDeploymentPostprocessing = 0;
		};
		93B729FD2C7A486E002B3183 /* Frameworks */ = {
			isa = PBXFrameworksBuildPhase;
			buildActionMask = 2147483647;
			files = (
			);
			runOnlyForDeploymentPostprocessing = 0;
		};
/* End PBXFrameworksBuildPhase section */

/* Begin PBXGroup section */
		93B729DC2C7A486D002B3183 = {
			isa = PBXGroup;
			children = (
				93B729E72C7A486D002B3183 /* ElevenLabsTTS */,
				93B729F92C7A486E002B3183 /* ElevenLabsTTSTests */,
				93B72A032C7A486E002B3183 /* ElevenLabsTTSUITests */,
				93B729E62C7A486D002B3183 /* Products */,
			);
			sourceTree = "<group>";
		};
		93B729E62C7A486D002B3183 /* Products */ = {
			isa = PBXGroup;
			children = (
				93B729E52C7A486D002B3183 /* ElevenLabsTTS.app */,
				93B729F62C7A486E002B3183 /* ElevenLabsTTSTests.xctest */,
				93B72A002C7A486E002B3183 /* ElevenLabsTTSUITests.xctest */,
			);
			name = Products;
			sourceTree = "<group>";
		};
		93B729E72C7A486D002B3183 /* ElevenLabsTTS */ = {
			isa = PBXGroup;
			children = (
				933988FE2C7BCB8A006A986F /* SettingsView.swift */,
				93B72A1D2C7A6077002B3183 /* elevenlogo.png */,
				93B729EE2C7A486E002B3183 /* Preview Content */,
				93B72A172C7A4F49002B3183 /* ElevenLabsAPI.swift */,
				93B729EA2C7A486D002B3183 /* ContentView.swift */,
				93B72A132C7A493D002B3183 /* MenuBarApp.swift */,
				93B72A152C7A4E1D002B3183 /* sample.mp3 */,
				93B729EC2C7A486E002B3183 /* Assets.xcassets */,
				93B729F12C7A486E002B3183 /* ElevenLabsTTS.entitlements */,
			);
			path = ElevenLabsTTS;
			sourceTree = "<group>";
		};
		93B729EE2C7A486E002B3183 /* Preview Content */ = {
			isa = PBXGroup;
			children = (
				93B729EF2C7A486E002B3183 /* Preview Assets.xcassets */,
			);
			path = "Preview Content";
			sourceTree = "<group>";
		};
		93B729F92C7A486E002B3183 /* ElevenLabsTTSTests */ = {
			isa = PBXGroup;
			children = (
				93B729FA2C7A486E002B3183 /* ElevenLabsTTSTests.swift */,
			);
			path = ElevenLabsTTSTests;
			sourceTree = "<group>";
		};
		93B72A032C7A486E002B3183 /* ElevenLabsTTSUITests */ = {
			isa = PBXGroup;
			children = (
				93B72A042C7A486E002B3183 /* ElevenLabsTTSUITests.swift */,
				93B72A062C7A486E002B3183 /* ElevenLabsTTSUITestsLaunchTests.swift */,
			);
			path = ElevenLabsTTSUITests;
			sourceTree = "<group>";
		};
/* End PBXGroup section */

/* Begin PBXNativeTarget section */
		93B729E42C7A486D002B3183 /* ElevenLabsTTS */ = {
			isa = PBXNativeTarget;
			buildConfigurationList = 93B72A0A2C7A486E002B3183 /* Build configuration list for PBXNativeTarget "ElevenLabsTTS" */;
			buildPhases = (
				93B729E12C7A486D002B3183 /* Sources */,
				93B729E22C7A486D002B3183 /* Frameworks */,
				93B729E32C7A486D002B3183 /* Resources */,
			);
			buildRules = (
			);
			dependencies = (
			);
			name = ElevenLabsTTS;
			productName = ElevenLabsTTS;
			productReference = 93B729E52C7A486D002B3183 /* ElevenLabsTTS.app */;
			productType = "com.apple.product-type.application";
		};
		93B729F52C7A486E002B3183 /* ElevenLabsTTSTests */ = {
			isa = PBXNativeTarget;
			buildConfigurationList = 93B72A0D2C7A486E002B3183 /* Build configuration list for PBXNativeTarget "ElevenLabsTTSTests" */;
			buildPhases = (
				93B729F22C7A486E002B3183 /* Sources */,
				93B729F32C7A486E002B3183 /* Frameworks */,
				93B729F42C7A486E002B3183 /* Resources */,
			);
			buildRules = (
			);
			dependencies = (
				93B729F82C7A486E002B3183 /* PBXTargetDependency */,
			);
			name = ElevenLabsTTSTests;
			productName = ElevenLabsTTSTests;
			productReference = 93B729F62C7A486E002B3183 /* ElevenLabsTTSTests.xctest */;
			productType = "com.apple.product-type.bundle.unit-test";
		};
		93B729FF2C7A486E002B3183 /* ElevenLabsTTSUITests */ = {
			isa = PBXNativeTarget;
			buildConfigurationList = 93B72A102C7A486E002B3183 /* Build configuration list for PBXNativeTarget "ElevenLabsTTSUITests" */;
			buildPhases = (
				93B729FC2C7A486E002B3183 /* Sources */,
				93B729FD2C7A486E002B3183 /* Frameworks */,
				93B729FE2C7A486E002B3183 /* Resources */,
			);
			buildRules = (
			);
			dependencies = (
				93B72A022C7A486E002B3183 /* PBXTargetDependency */,
			);
			name = ElevenLabsTTSUITests;
			productName = ElevenLabsTTSUITests;
			productReference = 93B72A002C7A486E002B3183 /* ElevenLabsTTSUITests.xctest */;
			productType = "com.apple.product-type.bundle.ui-testing";
		};
/* End PBXNativeTarget section */

/* Begin PBXProject section */
		93B729DD2C7A486D002B3183 /* Project object */ = {
			isa = PBXProject;
			attributes = {
				BuildIndependentTargetsInParallel = 1;
				LastSwiftUpdateCheck = 1540;
				LastUpgradeCheck = 1540;
				TargetAttributes = {
					93B729E42C7A486D002B3183 = {
						CreatedOnToolsVersion = 15.4;
					};
					93B729F52C7A486E002B3183 = {
						CreatedOnToolsVersion = 15.4;
						TestTargetID = 93B729E42C7A486D002B3183;
					};
					93B729FF2C7A486E002B3183 = {
						CreatedOnToolsVersion = 15.4;
						TestTargetID = 93B729E42C7A486D002B3183;
					};
				};
			};
			buildConfigurationList = 93B729E02C7A486D002B3183 /* Build configuration list for PBXProject "ElevenLabsTTS" */;
			compatibilityVersion = "Xcode 14.0";
			developmentRegion = en;
			hasScannedForEncodings = 0;
			knownRegions = (
				en,
				Base,
			);
			mainGroup = 93B729DC2C7A486D002B3183;
			productRefGroup = 93B729E62C7A486D002B3183 /* Products */;
			projectDirPath = "";
			projectRoot = "";
			targets = (
				93B729E42C7A486D002B3183 /* ElevenLabsTTS */,
				93B729F52C7A486E002B3183 /* ElevenLabsTTSTests */,
				93B729FF2C7A486E002B3183 /* ElevenLabsTTSUITests */,
			);
		};
/* End PBXProject section */

/* Begin PBXResourcesBuildPhase section */
		93B729E32C7A486D002B3183 /* Resources */ = {
			isa = PBXResourcesBuildPhase;
			buildActionMask = 2147483647;
			files = (
				93B729F02C7A486E002B3183 /* Preview Assets.xcassets in Resources */,
				93B72A1E2C7A6077002B3183 /* elevenlogo.png in Resources */,
				93B729ED2C7A486E002B3183 /* Assets.xcassets in Resources */,
				93B72A162C7A4E1D002B3183 /* sample.mp3 in Resources */,
			);
			runOnlyForDeploymentPostprocessing = 0;
		};
		93B729F42C7A486E002B3183 /* Resources */ = {
			isa = PBXResourcesBuildPhase;
			buildActionMask = 2147483647;
			files = (
			);
			runOnlyForDeploymentPostprocessing = 0;
		};
		93B729FE2C7A486E002B3183 /* Resources */ = {
			isa = PBXResourcesBuildPhase;
			buildActionMask = 2147483647;
			files = (
			);
			runOnlyForDeploymentPostprocessing = 0;
		};
/* End PBXResourcesBuildPhase section */

/* Begin PBXSourcesBuildPhase section */
		93B729E12C7A486D002B3183 /* Sources */ = {
			isa = PBXSourcesBuildPhase;
			buildActionMask = 2147483647;
			files = (
				93B729EB2C7A486D002B3183 /* ContentView.swift in Sources */,
				933988FF2C7BCB8A006A986F /* SettingsView.swift in Sources */,
				93B72A142C7A493D002B3183 /* MenuBarApp.swift in Sources */,
				93B72A182C7A4F49002B3183 /* ElevenLabsAPI.swift in Sources */,
			);
			runOnlyForDeploymentPostprocessing = 0;
		};
		93B729F22C7A486E002B3183 /* Sources */ = {
			isa = PBXSourcesBuildPhase;
			buildActionMask = 2147483647;
			files = (
				93B729FB2C7A486E002B3183 /* ElevenLabsTTSTests.swift in Sources */,
			);
			runOnlyForDeploymentPostprocessing = 0;
		};
		93B729FC2C7A486E002B3183 /* Sources */ = {
			isa = PBXSourcesBuildPhase;
			buildActionMask = 2147483647;
			files = (
				93B72A052C7A486E002B3183 /* ElevenLabsTTSUITests.swift in Sources */,
				93B72A072C7A486E002B3183 /* ElevenLabsTTSUITestsLaunchTests.swift in Sources */,
			);
			runOnlyForDeploymentPostprocessing = 0;
		};
/* End PBXSourcesBuildPhase section */

/* Begin PBXTargetDependency section */
		93B729F82C7A486E002B3183 /* PBXTargetDependency */ = {
			isa = PBXTargetDependency;
			target = 93B729E42C7A486D002B3183 /* ElevenLabsTTS */;
			targetProxy = 93B729F72C7A486E002B3183 /* PBXContainerItemProxy */;
		};
		93B72A022C7A486E002B3183 /* PBXTargetDependency */ = {
			isa = PBXTargetDependency;
			target = 93B729E42C7A486D002B3183 /* ElevenLabsTTS */;
			targetProxy = 93B72A012C7A486E002B3183 /* PBXContainerItemProxy */;
		};
/* End PBXTargetDependency section */

/* Begin XCBuildConfiguration section */
		93B72A082C7A486E002B3183 /* Debug */ = {
			isa = XCBuildConfiguration;
			buildSettings = {
				ALWAYS_SEARCH_USER_PATHS = NO;
				ASSETCATALOG_COMPILER_GENERATE_SWIFT_ASSET_SYMBOL_EXTENSIONS = YES;
				CLANG_ANALYZER_NONNULL = YES;
				CLANG_ANALYZER_NUMBER_OBJECT_CONVERSION = YES_AGGRESSIVE;
				CLANG_CXX_LANGUAGE_STANDARD = "gnu++20";
				CLANG_ENABLE_MODULES = YES;
				CLANG_ENABLE_OBJC_ARC = YES;
				CLANG_ENABLE_OBJC_WEAK = YES;
				CLANG_WARN_BLOCK_CAPTURE_AUTORELEASING = YES;
				CLANG_WARN_BOOL_CONVERSION = YES;
				CLANG_WARN_COMMA = YES;
				CLANG_WARN_CONSTANT_CONVERSION = YES;
				CLANG_WARN_DEPRECATED_OBJC_IMPLEMENTATIONS = YES;
				CLANG_WARN_DIRECT_OBJC_ISA_USAGE = YES_ERROR;
				CLANG_WARN_DOCUMENTATION_COMMENTS = YES;
				CLANG_WARN_EMPTY_BODY = YES;
				CLANG_WARN_ENUM_CONVERSION = YES;
				CLANG_WARN_INFINITE_RECURSION = YES;
				CLANG_WARN_INT_CONVERSION = YES;
				CLANG_WARN_NON_LITERAL_NULL_CONVERSION = YES;
				CLANG_WARN_OBJC_IMPLICIT_RETAIN_SELF = YES;
				CLANG_WARN_OBJC_LITERAL_CONVERSION = YES;
				CLANG_WARN_OBJC_ROOT_CLASS = YES_ERROR;
				CLANG_WARN_QUOTED_INCLUDE_IN_FRAMEWORK_HEADER = YES;
				CLANG_WARN_RANGE_LOOP_ANALYSIS = YES;
				CLANG_WARN_STRICT_PROTOTYPES = YES;
				CLANG_WARN_SUSPICIOUS_MOVE = YES;
				CLANG_WARN_UNGUARDED_AVAILABILITY = YES_AGGRESSIVE;
				CLANG_WARN_UNREACHABLE_CODE = YES;
				CLANG_WARN__DUPLICATE_METHOD_MATCH = YES;
				COPY_PHASE_STRIP = NO;
				DEBUG_INFORMATION_FORMAT = dwarf;
				ENABLE_STRICT_OBJC_MSGSEND = YES;
				ENABLE_TESTABILITY = YES;
				ENABLE_USER_SCRIPT_SANDBOXING = YES;
				GCC_C_LANGUAGE_STANDARD = gnu17;
				GCC_DYNAMIC_NO_PIC = NO;
				GCC_NO_COMMON_BLOCKS = YES;
				GCC_OPTIMIZATION_LEVEL = 0;
				GCC_PREPROCESSOR_DEFINITIONS = (
					"DEBUG=1",
					"$(inherited)",
				);
				GCC_WARN_64_TO_32_BIT_CONVERSION = YES;
				GCC_WARN_ABOUT_RETURN_TYPE = YES_ERROR;
				GCC_WARN_UNDECLARED_SELECTOR = YES;
				GCC_WARN_UNINITIALIZED_AUTOS = YES_AGGRESSIVE;
				GCC_WARN_UNUSED_FUNCTION = YES;
				GCC_WARN_UNUSED_VARIABLE = YES;
				LOCALIZATION_PREFERS_STRING_CATALOGS = YES;
				MACOSX_DEPLOYMENT_TARGET = 14.5;
				MTL_ENABLE_DEBUG_INFO = INCLUDE_SOURCE;
				MTL_FAST_MATH = YES;
				ONLY_ACTIVE_ARCH = YES;
				SDKROOT = macosx;
				SWIFT_ACTIVE_COMPILATION_CONDITIONS = "DEBUG $(inherited)";
				SWIFT_OPTIMIZATION_LEVEL = "-Onone";
			};
			name = Debug;
		};
		93B72A092C7A486E002B3183 /* Release */ = {
			isa = XCBuildConfiguration;
			buildSettings = {
				ALWAYS_SEARCH_USER_PATHS = NO;
				ASSETCATALOG_COMPILER_GENERATE_SWIFT_ASSET_SYMBOL_EXTENSIONS = YES;
				CLANG_ANALYZER_NONNULL = YES;
				CLANG_ANALYZER_NUMBER_OBJECT_CONVERSION = YES_AGGRESSIVE;
				CLANG_CXX_LANGUAGE_STANDARD = "gnu++20";
				CLANG_ENABLE_MODULES = YES;
				CLANG_ENABLE_OBJC_ARC = YES;
				CLANG_ENABLE_OBJC_WEAK = YES;
				CLANG_WARN_BLOCK_CAPTURE_AUTORELEASING = YES;
				CLANG_WARN_BOOL_CONVERSION = YES;
				CLANG_WARN_COMMA = YES;
				CLANG_WARN_CONSTANT_CONVERSION = YES;
				CLANG_WARN_DEPRECATED_OBJC_IMPLEMENTATIONS = YES;
				CLANG_WARN_DIRECT_OBJC_ISA_USAGE = YES_ERROR;
				CLANG_WARN_DOCUMENTATION_COMMENTS = YES;
				CLANG_WARN_EMPTY_BODY = YES;
				CLANG_WARN_ENUM_CONVERSION = YES;
				CLANG_WARN_INFINITE_RECURSION = YES;
				CLANG_WARN_INT_CONVERSION = YES;
				CLANG_WARN_NON_LITERAL_NULL_CONVERSION = YES;
				CLANG_WARN_OBJC_IMPLICIT_RETAIN_SELF = YES;
				CLANG_WARN_OBJC_LITERAL_CONVERSION = YES;
				CLANG_WARN_OBJC_ROOT_CLASS = YES_ERROR;
				CLANG_WARN_QUOTED_INCLUDE_IN_FRAMEWORK_HEADER = YES;
				CLANG_WARN_RANGE_LOOP_ANALYSIS = YES;
				CLANG_WARN_STRICT_PROTOTYPES = YES;
				CLANG_WARN_SUSPICIOUS_MOVE = YES;
				CLANG_WARN_UNGUARDED_AVAILABILITY = YES_AGGRESSIVE;
				CLANG_WARN_UNREACHABLE_CODE = YES;
				CLANG_WARN__DUPLICATE_METHOD_MATCH = YES;
				COPY_PHASE_STRIP = NO;
				DEBUG_INFORMATION_FORMAT = "dwarf-with-dsym";
				ENABLE_NS_ASSERTIONS = NO;
				ENABLE_STRICT_OBJC_MSGSEND = YES;
				ENABLE_USER_SCRIPT_SANDBOXING = YES;
				GCC_C_LANGUAGE_STANDARD = gnu17;
				GCC_NO_COMMON_BLOCKS = YES;
				GCC_WARN_64_TO_32_BIT_CONVERSION = YES;
				GCC_WARN_ABOUT_RETURN_TYPE = YES_ERROR;
				GCC_WARN_UNDECLARED_SELECTOR = YES;
				GCC_WARN_UNINITIALIZED_AUTOS = YES_AGGRESSIVE;
				GCC_WARN_UNUSED_FUNCTION = YES;
				GCC_WARN_UNUSED_VARIABLE = YES;
				LOCALIZATION_PREFERS_STRING_CATALOGS = YES;
				MACOSX_DEPLOYMENT_TARGET = 14.5;
				MTL_ENABLE_DEBUG_INFO = NO;
				MTL_FAST_MATH = YES;
				SDKROOT = macosx;
				SWIFT_COMPILATION_MODE = wholemodule;
			};
			name = Release;
		};
		93B72A0B2C7A486E002B3183 /* Debug */ = {
			isa = XCBuildConfiguration;
			buildSettings = {
				ASSETCATALOG_COMPILER_APPICON_NAME = AppIcon;
				ASSETCATALOG_COMPILER_GLOBAL_ACCENT_COLOR_NAME = AccentColor;
				ASSETCATALOG_COMPILER_INCLUDE_ALL_APPICON_ASSETS = YES;
				CODE_SIGN_ENTITLEMENTS = ElevenLabsTTS/ElevenLabsTTS.entitlements;
				"CODE_SIGN_IDENTITY[sdk=macosx*]" = "Apple Development";
				CODE_SIGN_STYLE = Automatic;
				COMBINE_HIDPI_IMAGES = YES;
				CURRENT_PROJECT_VERSION = 1;
				DEVELOPMENT_ASSET_PATHS = "ElevenLabsTTS/elevenlogo.png ElevenLabsTTS/Preview\\ Content";
				DEVELOPMENT_TEAM = UKQH7F8SBR;
				ENABLE_HARDENED_RUNTIME = YES;
				ENABLE_PREVIEWS = YES;
				GENERATE_INFOPLIST_FILE = YES;
				INFOPLIST_KEY_CFBundleDisplayName = "ElevenLabs Mac Helper";
				INFOPLIST_KEY_LSApplicationCategoryType = "public.app-category.entertainment";
				INFOPLIST_KEY_LSUIElement = YES;
				INFOPLIST_KEY_NSHumanReadableCopyright = "";
				LD_RUNPATH_SEARCH_PATHS = (
					"$(inherited)",
					"@executable_path/../Frameworks",
				);
				MACOSX_DEPLOYMENT_TARGET = 14.0;
				MARKETING_VERSION = 1.0;
				PRODUCT_BUNDLE_IDENTIFIER = io.elevenlabs.ElevenLabsTTS;
				PRODUCT_NAME = "$(TARGET_NAME)";
				SWIFT_EMIT_LOC_STRINGS = YES;
				SWIFT_VERSION = 5.0;
			};
			name = Debug;
		};
		93B72A0C2C7A486E002B3183 /* Release */ = {
			isa = XCBuildConfiguration;
			buildSettings = {
				ASSETCATALOG_COMPILER_APPICON_NAME = AppIcon;
				ASSETCATALOG_COMPILER_GLOBAL_ACCENT_COLOR_NAME = AccentColor;
				ASSETCATALOG_COMPILER_INCLUDE_ALL_APPICON_ASSETS = YES;
				CODE_SIGN_ENTITLEMENTS = ElevenLabsTTS/ElevenLabsTTS.entitlements;
				"CODE_SIGN_IDENTITY[sdk=macosx*]" = "Apple Development";
				CODE_SIGN_STYLE = Automatic;
				COMBINE_HIDPI_IMAGES = YES;
				CURRENT_PROJECT_VERSION = 1;
				DEVELOPMENT_ASSET_PATHS = "ElevenLabsTTS/elevenlogo.png ElevenLabsTTS/Preview\\ Content";
				DEVELOPMENT_TEAM = UKQH7F8SBR;
				ENABLE_HARDENED_RUNTIME = YES;
				ENABLE_PREVIEWS = YES;
				GENERATE_INFOPLIST_FILE = YES;
				INFOPLIST_KEY_CFBundleDisplayName = "ElevenLabs Mac Helper";
				INFOPLIST_KEY_LSApplicationCategoryType = "public.app-category.entertainment";
				INFOPLIST_KEY_LSUIElement = YES;
				INFOPLIST_KEY_NSHumanReadableCopyright = "";
				LD_RUNPATH_SEARCH_PATHS = (
					"$(inherited)",
					"@executable_path/../Frameworks",
				);
				MACOSX_DEPLOYMENT_TARGET = 14.0;
				MARKETING_VERSION = 1.0;
				PRODUCT_BUNDLE_IDENTIFIER = io.elevenlabs.ElevenLabsTTS;
				PRODUCT_NAME = "$(TARGET_NAME)";
				SWIFT_EMIT_LOC_STRINGS = YES;
				SWIFT_VERSION = 5.0;
			};
			name = Release;
		};
		93B72A0E2C7A486E002B3183 /* Debug */ = {
			isa = XCBuildConfiguration;
			buildSettings = {
				ALWAYS_EMBED_SWIFT_STANDARD_LIBRARIES = YES;
				BUNDLE_LOADER = "$(TEST_HOST)";
				CODE_SIGN_STYLE = Automatic;
				CURRENT_PROJECT_VERSION = 1;
				GENERATE_INFOPLIST_FILE = YES;
				MACOSX_DEPLOYMENT_TARGET = 14.5;
				MARKETING_VERSION = 1.0;
				PRODUCT_BUNDLE_IDENTIFIER = io.elevenlabs.ElevenLabsTTSTests;
				PRODUCT_NAME = "$(TARGET_NAME)";
				SWIFT_EMIT_LOC_STRINGS = NO;
				SWIFT_VERSION = 5.0;
				TEST_HOST = "$(BUILT_PRODUCTS_DIR)/ElevenLabsTTS.app/$(BUNDLE_EXECUTABLE_FOLDER_PATH)/ElevenLabsTTS";
			};
			name = Debug;
		};
		93B72A0F2C7A486E002B3183 /* Release */ = {
			isa = XCBuildConfiguration;
			buildSettings = {
				ALWAYS_EMBED_SWIFT_STANDARD_LIBRARIES = YES;
				BUNDLE_LOADER = "$(TEST_HOST)";
				CODE_SIGN_STYLE = Automatic;
				CURRENT_PROJECT_VERSION = 1;
				GENERATE_INFOPLIST_FILE = YES;
				MACOSX_DEPLOYMENT_TARGET = 14.5;
				MARKETING_VERSION = 1.0;
				PRODUCT_BUNDLE_IDENTIFIER = io.elevenlabs.ElevenLabsTTSTests;
				PRODUCT_NAME = "$(TARGET_NAME)";
				SWIFT_EMIT_LOC_STRINGS = NO;
				SWIFT_VERSION = 5.0;
				TEST_HOST = "$(BUILT_PRODUCTS_DIR)/ElevenLabsTTS.app/$(BUNDLE_EXECUTABLE_FOLDER_PATH)/ElevenLabsTTS";
			};
			name = Release;
		};
		93B72A112C7A486E002B3183 /* Debug */ = {
			isa = XCBuildConfiguration;
			buildSettings = {
				ALWAYS_EMBED_SWIFT_STANDARD_LIBRARIES = YES;
				CODE_SIGN_STYLE = Automatic;
				CURRENT_PROJECT_VERSION = 1;
				GENERATE_INFOPLIST_FILE = YES;
				MARKETING_VERSION = 1.0;
				PRODUCT_BUNDLE_IDENTIFIER = io.elevenlabs.ElevenLabsTTSUITests;
				PRODUCT_NAME = "$(TARGET_NAME)";
				SWIFT_EMIT_LOC_STRINGS = NO;
				SWIFT_VERSION = 5.0;
				TEST_TARGET_NAME = ElevenLabsTTS;
			};
			name = Debug;
		};
		93B72A122C7A486E002B3183 /* Release */ = {
			isa = XCBuildConfiguration;
			buildSettings = {
				ALWAYS_EMBED_SWIFT_STANDARD_LIBRARIES = YES;
				CODE_SIGN_STYLE = Automatic;
				CURRENT_PROJECT_VERSION = 1;
				GENERATE_INFOPLIST_FILE = YES;
				MARKETING_VERSION = 1.0;
				PRODUCT_BUNDLE_IDENTIFIER = io.elevenlabs.ElevenLabsTTSUITests;
				PRODUCT_NAME = "$(TARGET_NAME)";
				SWIFT_EMIT_LOC_STRINGS = NO;
				SWIFT_VERSION = 5.0;
				TEST_TARGET_NAME = ElevenLabsTTS;
			};
			name = Release;
		};
/* End XCBuildConfiguration section */

/* Begin XCConfigurationList section */
		93B729E02C7A486D002B3183 /* Build configuration list for PBXProject "ElevenLabsTTS" */ = {
			isa = XCConfigurationList;
			buildConfigurations = (
				93B72A082C7A486E002B3183 /* Debug */,
				93B72A092C7A486E002B3183 /* Release */,
			);
			defaultConfigurationIsVisible = 0;
			defaultConfigurationName = Release;
		};
		93B72A0A2C7A486E002B3183 /* Build configuration list for PBXNativeTarget "ElevenLabsTTS" */ = {
			isa = XCConfigurationList;
			buildConfigurations = (
				93B72A0B2C7A486E002B3183 /* Debug */,
				93B72A0C2C7A486E002B3183 /* Release */,
			);
			defaultConfigurationIsVisible = 0;
			defaultConfigurationName = Release;
		};
		93B72A0D2C7A486E002B3183 /* Build configuration list for PBXNativeTarget "ElevenLabsTTSTests" */ = {
			isa = XCConfigurationList;
			buildConfigurations = (
				93B72A0E2C7A486E002B3183 /* Debug */,
				93B72A0F2C7A486E002B3183 /* Release */,
			);
			defaultConfigurationIsVisible = 0;
			defaultConfigurationName = Release;
		};
		93B72A102C7A486E002B3183 /* Build configuration list for PBXNativeTarget "ElevenLabsTTSUITests" */ = {
			isa = XCConfigurationList;
			buildConfigurations = (
				93B72A112C7A486E002B3183 /* Debug */,
				93B72A122C7A486E002B3183 /* Release */,
			);
			defaultConfigurationIsVisible = 0;
			defaultConfigurationName = Release;
		};
/* End XCConfigurationList section */
	};
	rootObject = 93B729DD2C7A486D002B3183 /* Project object */;
}
