{
    "_meta": {
        "hash": {
            "sha256": "595acfb1220e5e9d0cf6bb6545a07a51eee17fd77e99c15bb605e33b52cf59d6"
        },
        "pipfile-spec": 6,
        "requires": {
            "python_version": "3.11"
        },
        "sources": [
            {
                "name": "pypi",
                "url": "https://pypi.org/simple",
                "verify_ssl": true
            }
        ]
    },
    "default": {
        "certifi": {
            "hashes": [
                "sha256:3cd43f1c6fa7dedc5899d69d3ad0398fd018ad1a17fba83ddaf78aa46c747516",
                "sha256:ddc6c8ce995e6987e7faf5e3f1b02b302836a0e5d98ece18392cb1a36c72ad56"
            ],
            "markers": "python_version >= '3.6'",
            "version": "==2024.6.2"
        },
        "charset-normalizer": {
            "hashes": [
                "sha256:06435b539f889b1f6f4ac1758871aae42dc3a8c0e24ac9e60c2384973ad73027",
                "sha256:06a81e93cd441c56a9b65d8e1d043daeb97a3d0856d177d5c90ba85acb3db087",
                "sha256:0a55554a2fa0d408816b3b5cedf0045f4b8e1a6065aec45849de2d6f3f8e9786",
                "sha256:0b2b64d2bb6d3fb9112bafa732def486049e63de9618b5843bcdd081d8144cd8",
                "sha256:10955842570876604d404661fbccbc9c7e684caf432c09c715ec38fbae45ae09",
                "sha256:122c7fa62b130ed55f8f285bfd56d5f4b4a5b503609d181f9ad85e55c89f4185",
                "sha256:1ceae2f17a9c33cb48e3263960dc5fc8005351ee19db217e9b1bb15d28c02574",
                "sha256:1d3193f4a680c64b4b6a9115943538edb896edc190f0b222e73761716519268e",
                "sha256:1f79682fbe303db92bc2b1136016a38a42e835d932bab5b3b1bfcfbf0640e519",
                "sha256:2127566c664442652f024c837091890cb1942c30937add288223dc895793f898",
                "sha256:22afcb9f253dac0696b5a4be4a1c0f8762f8239e21b99680099abd9b2b1b2269",
                "sha256:25baf083bf6f6b341f4121c2f3c548875ee6f5339300e08be3f2b2ba1721cdd3",
                "sha256:2e81c7b9c8979ce92ed306c249d46894776a909505d8f5a4ba55b14206e3222f",
                "sha256:3287761bc4ee9e33561a7e058c72ac0938c4f57fe49a09eae428fd88aafe7bb6",
                "sha256:34d1c8da1e78d2e001f363791c98a272bb734000fcef47a491c1e3b0505657a8",
                "sha256:37e55c8e51c236f95b033f6fb391d7d7970ba5fe7ff453dad675e88cf303377a",
                "sha256:3d47fa203a7bd9c5b6cee4736ee84ca03b8ef23193c0d1ca99b5089f72645c73",
                "sha256:3e4d1f6587322d2788836a99c69062fbb091331ec940e02d12d179c1d53e25fc",
                "sha256:42cb296636fcc8b0644486d15c12376cb9fa75443e00fb25de0b8602e64c1714",
                "sha256:45485e01ff4d3630ec0d9617310448a8702f70e9c01906b0d0118bdf9d124cf2",
                "sha256:4a78b2b446bd7c934f5dcedc588903fb2f5eec172f3d29e52a9096a43722adfc",
                "sha256:4ab2fe47fae9e0f9dee8c04187ce5d09f48eabe611be8259444906793ab7cbce",
                "sha256:4d0d1650369165a14e14e1e47b372cfcb31d6ab44e6e33cb2d4e57265290044d",
                "sha256:549a3a73da901d5bc3ce8d24e0600d1fa85524c10287f6004fbab87672bf3e1e",
                "sha256:55086ee1064215781fff39a1af09518bc9255b50d6333f2e4c74ca09fac6a8f6",
                "sha256:572c3763a264ba47b3cf708a44ce965d98555f618ca42c926a9c1616d8f34269",
                "sha256:573f6eac48f4769d667c4442081b1794f52919e7edada77495aaed9236d13a96",
                "sha256:5b4c145409bef602a690e7cfad0a15a55c13320ff7a3ad7ca59c13bb8ba4d45d",
                "sha256:6463effa3186ea09411d50efc7d85360b38d5f09b870c48e4600f63af490e56a",
                "sha256:65f6f63034100ead094b8744b3b97965785388f308a64cf8d7c34f2f2e5be0c4",
                "sha256:663946639d296df6a2bb2aa51b60a2454ca1cb29835324c640dafb5ff2131a77",
                "sha256:6897af51655e3691ff853668779c7bad41579facacf5fd7253b0133308cf000d",
                "sha256:68d1f8a9e9e37c1223b656399be5d6b448dea850bed7d0f87a8311f1ff3dabb0",
                "sha256:6ac7ffc7ad6d040517be39eb591cac5ff87416c2537df6ba3cba3bae290c0fed",
                "sha256:6b3251890fff30ee142c44144871185dbe13b11bab478a88887a639655be1068",
                "sha256:6c4caeef8fa63d06bd437cd4bdcf3ffefe6738fb1b25951440d80dc7df8c03ac",
                "sha256:6ef1d82a3af9d3eecdba2321dc1b3c238245d890843e040e41e470ffa64c3e25",
                "sha256:753f10e867343b4511128c6ed8c82f7bec3bd026875576dfd88483c5c73b2fd8",
                "sha256:7cd13a2e3ddeed6913a65e66e94b51d80a041145a026c27e6bb76c31a853c6ab",
                "sha256:7ed9e526742851e8d5cc9e6cf41427dfc6068d4f5a3bb03659444b4cabf6bc26",
                "sha256:7f04c839ed0b6b98b1a7501a002144b76c18fb1c1850c8b98d458ac269e26ed2",
                "sha256:802fe99cca7457642125a8a88a084cef28ff0cf9407060f7b93dca5aa25480db",
                "sha256:80402cd6ee291dcb72644d6eac93785fe2c8b9cb30893c1af5b8fdd753b9d40f",
                "sha256:8465322196c8b4d7ab6d1e049e4c5cb460d0394da4a27d23cc242fbf0034b6b5",
                "sha256:86216b5cee4b06df986d214f664305142d9c76df9b6512be2738aa72a2048f99",
                "sha256:87d1351268731db79e0f8e745d92493ee2841c974128ef629dc518b937d9194c",
                "sha256:8bdb58ff7ba23002a4c5808d608e4e6c687175724f54a5dade5fa8c67b604e4d",
                "sha256:8c622a5fe39a48f78944a87d4fb8a53ee07344641b0562c540d840748571b811",
                "sha256:8d756e44e94489e49571086ef83b2bb8ce311e730092d2c34ca8f7d925cb20aa",
                "sha256:8f4a014bc36d3c57402e2977dada34f9c12300af536839dc38c0beab8878f38a",
                "sha256:9063e24fdb1e498ab71cb7419e24622516c4a04476b17a2dab57e8baa30d6e03",
                "sha256:90d558489962fd4918143277a773316e56c72da56ec7aa3dc3dbbe20fdfed15b",
                "sha256:923c0c831b7cfcb071580d3f46c4baf50f174be571576556269530f4bbd79d04",
                "sha256:95f2a5796329323b8f0512e09dbb7a1860c46a39da62ecb2324f116fa8fdc85c",
                "sha256:96b02a3dc4381e5494fad39be677abcb5e6634bf7b4fa83a6dd3112607547001",
                "sha256:9f96df6923e21816da7e0ad3fd47dd8f94b2a5ce594e00677c0013018b813458",
                "sha256:a10af20b82360ab00827f916a6058451b723b4e65030c5a18577c8b2de5b3389",
                "sha256:a50aebfa173e157099939b17f18600f72f84eed3049e743b68ad15bd69b6bf99",
                "sha256:a981a536974bbc7a512cf44ed14938cf01030a99e9b3a06dd59578882f06f985",
                "sha256:a9a8e9031d613fd2009c182b69c7b2c1ef8239a0efb1df3f7c8da66d5dd3d537",
                "sha256:ae5f4161f18c61806f411a13b0310bea87f987c7d2ecdbdaad0e94eb2e404238",
                "sha256:aed38f6e4fb3f5d6bf81bfa990a07806be9d83cf7bacef998ab1a9bd660a581f",
                "sha256:b01b88d45a6fcb69667cd6d2f7a9aeb4bf53760d7fc536bf679ec94fe9f3ff3d",
                "sha256:b261ccdec7821281dade748d088bb6e9b69e6d15b30652b74cbbac25e280b796",
                "sha256:b2b0a0c0517616b6869869f8c581d4eb2dd83a4d79e0ebcb7d373ef9956aeb0a",
                "sha256:b4a23f61ce87adf89be746c8a8974fe1c823c891d8f86eb218bb957c924bb143",
                "sha256:bd8f7df7d12c2db9fab40bdd87a7c09b1530128315d047a086fa3ae3435cb3a8",
                "sha256:beb58fe5cdb101e3a055192ac291b7a21e3b7ef4f67fa1d74e331a7f2124341c",
                "sha256:c002b4ffc0be611f0d9da932eb0f704fe2602a9a949d1f738e4c34c75b0863d5",
                "sha256:c083af607d2515612056a31f0a8d9e0fcb5876b7bfc0abad3ecd275bc4ebc2d5",
                "sha256:c180f51afb394e165eafe4ac2936a14bee3eb10debc9d9e4db8958fe36afe711",
                "sha256:c235ebd9baae02f1b77bcea61bce332cb4331dc3617d254df3323aa01ab47bd4",
                "sha256:cd70574b12bb8a4d2aaa0094515df2463cb429d8536cfb6c7ce983246983e5a6",
                "sha256:d0eccceffcb53201b5bfebb52600a5fb483a20b61da9dbc885f8b103cbe7598c",
                "sha256:d965bba47ddeec8cd560687584e88cf699fd28f192ceb452d1d7ee807c5597b7",
                "sha256:db364eca23f876da6f9e16c9da0df51aa4f104a972735574842618b8c6d999d4",
                "sha256:ddbb2551d7e0102e7252db79ba445cdab71b26640817ab1e3e3648dad515003b",
                "sha256:deb6be0ac38ece9ba87dea880e438f25ca3eddfac8b002a2ec3d9183a454e8ae",
                "sha256:e06ed3eb3218bc64786f7db41917d4e686cc4856944f53d5bdf83a6884432e12",
                "sha256:e27ad930a842b4c5eb8ac0016b0a54f5aebbe679340c26101df33424142c143c",
                "sha256:e537484df0d8f426ce2afb2d0f8e1c3d0b114b83f8850e5f2fbea0e797bd82ae",
                "sha256:eb00ed941194665c332bf8e078baf037d6c35d7c4f3102ea2d4f16ca94a26dc8",
                "sha256:eb6904c354526e758fda7167b33005998fb68c46fbc10e013ca97f21ca5c8887",
                "sha256:eb8821e09e916165e160797a6c17edda0679379a4be5c716c260e836e122f54b",
                "sha256:efcb3f6676480691518c177e3b465bcddf57cea040302f9f4e6e191af91174d4",
                "sha256:f27273b60488abe721a075bcca6d7f3964f9f6f067c8c4c605743023d7d3944f",
                "sha256:f30c3cb33b24454a82faecaf01b19c18562b1e89558fb6c56de4d9118a032fd5",
                "sha256:fb69256e180cb6c8a894fee62b3afebae785babc1ee98b81cdf68bbca1987f33",
                "sha256:fd1abc0d89e30cc4e02e4064dc67fcc51bd941eb395c502aac3ec19fab46b519",
                "sha256:ff8fa367d09b717b2a17a052544193ad76cd49979c805768879cb63d9ca50561"
            ],
            "markers": "python_full_version >= '3.7.0'",
            "version": "==3.3.2"
        },
        "decorator": {
            "hashes": [
                "sha256:41fa54c2a0cc4ba648be4fd43cff00aedf5b9465c9bf18d64325bc225f08f760",
                "sha256:e3a62f0520172440ca0dcc823749319382e377f37f140a0b99ef45fecb84bfe7"
            ],
            "version": "==4.4.2"
        },
        "idna": {
            "hashes": [
                "sha256:028ff3aadf0609c1fd278d8ea3089299412a7a8b9bd005dd08b9f8285bcb5cfc",
                "sha256:82fee1fc78add43492d3a1898bfa6d8a904cc97d8427f683ed8e798d07761aa0"
            ],
            "markers": "python_version >= '3.5'",
            "version": "==3.7"
        },
        "imageio": {
            "hashes": [
                "sha256:408c1d4d62f72c9e8347e7d1ca9bc11d8673328af3913868db3b828e28b40a4c",
                "sha256:f13eb76e4922f936ac4a7fec77ce8a783e63b93543d4ea3e40793a6cabd9ac7d"
            ],
            "markers": "python_version >= '3.4'",
            "version": "==2.34.1"
        },
        "imageio-ffmpeg": {
            "hashes": [
                "sha256:0ed7a9b31f560b0c9d929c5291cd430edeb9bed3ce9a497480e536dd4326484c",
                "sha256:1460e84712b9d06910c1f7bb524096b0341d4b7844cea6c20e099d0a24e795b1",
                "sha256:1521e79e253bedbdd36a547e0cbd94a025ba0b558e17f08fea687d805a0e4698",
                "sha256:5289f75c7f755b499653f3209fea4efd1430cba0e39831c381aad2d458f7a316",
                "sha256:7fa9132a291d5eb28c44553550deb40cbdab831f2a614e55360301a6582eb205",
                "sha256:89efe2c79979d8174ba8476deb7f74d74c331caee3fb2b65ba2883bec0737625"
            ],
            "markers": "python_version >= '3.4'",
            "version": "==0.5.1"
        },
        "moviepy": {
            "hashes": [
                "sha256:2884e35d1788077db3ff89e763c5ba7bfddbd7ae9108c9bc809e7ba58fa433f5"
            ],
            "index": "pypi",
            "version": "==1.0.3"
        },
        "numpy": {
            "hashes": [
                "sha256:03a8c78d01d9781b28a6989f6fa1bb2c4f2d51201cf99d3dd875df6fbd96b23b",
                "sha256:08beddf13648eb95f8d867350f6a018a4be2e5ad54c8d8caed89ebca558b2818",
                "sha256:1af303d6b2210eb850fcf03064d364652b7120803a0b872f5211f5234b399f20",
                "sha256:1dda2e7b4ec9dd512f84935c5f126c8bd8b9f2fc001e9f54af255e8c5f16b0e0",
                "sha256:2a02aba9ed12e4ac4eb3ea9421c420301a0c6460d9830d74a9df87efa4912010",
                "sha256:2e4ee3380d6de9c9ec04745830fd9e2eccb3e6cf790d39d7b98ffd19b0dd754a",
                "sha256:3373d5d70a5fe74a2c1bb6d2cfd9609ecf686d47a2d7b1d37a8f3b6bf6003aea",
                "sha256:47711010ad8555514b434df65f7d7b076bb8261df1ca9bb78f53d3b2db02e95c",
                "sha256:4c66707fabe114439db9068ee468c26bbdf909cac0fb58686a42a24de1760c71",
                "sha256:50193e430acfc1346175fcbdaa28ffec49947a06918b7b92130744e81e640110",
                "sha256:52b8b60467cd7dd1e9ed082188b4e6bb35aa5cdd01777621a1658910745b90be",
                "sha256:60dedbb91afcbfdc9bc0b1f3f402804070deed7392c23eb7a7f07fa857868e8a",
                "sha256:62b8e4b1e28009ef2846b4c7852046736bab361f7aeadeb6a5b89ebec3c7055a",
                "sha256:666dbfb6ec68962c033a450943ded891bed2d54e6755e35e5835d63f4f6931d5",
                "sha256:675d61ffbfa78604709862923189bad94014bef562cc35cf61d3a07bba02a7ed",
                "sha256:679b0076f67ecc0138fd2ede3a8fd196dddc2ad3254069bcb9faf9a79b1cebcd",
                "sha256:7349ab0fa0c429c82442a27a9673fc802ffdb7c7775fad780226cb234965e53c",
                "sha256:7ab55401287bfec946ced39700c053796e7cc0e3acbef09993a9ad2adba6ca6e",
                "sha256:7e50d0a0cc3189f9cb0aeb3a6a6af18c16f59f004b866cd2be1c14b36134a4a0",
                "sha256:95a7476c59002f2f6c590b9b7b998306fba6a5aa646b1e22ddfeaf8f78c3a29c",
                "sha256:96ff0b2ad353d8f990b63294c8986f1ec3cb19d749234014f4e7eb0112ceba5a",
                "sha256:9fad7dcb1aac3c7f0584a5a8133e3a43eeb2fe127f47e3632d43d677c66c102b",
                "sha256:9ff0f4f29c51e2803569d7a51c2304de5554655a60c5d776e35b4a41413830d0",
                "sha256:a354325ee03388678242a4d7ebcd08b5c727033fcff3b2f536aea978e15ee9e6",
                "sha256:a4abb4f9001ad2858e7ac189089c42178fcce737e4169dc61321660f1a96c7d2",
                "sha256:ab47dbe5cc8210f55aa58e4805fe224dac469cde56b9f731a4c098b91917159a",
                "sha256:afedb719a9dcfc7eaf2287b839d8198e06dcd4cb5d276a3df279231138e83d30",
                "sha256:b3ce300f3644fb06443ee2222c2201dd3a89ea6040541412b8fa189341847218",
                "sha256:b97fe8060236edf3662adfc2c633f56a08ae30560c56310562cb4f95500022d5",
                "sha256:bfe25acf8b437eb2a8b2d49d443800a5f18508cd811fea3181723922a8a82b07",
                "sha256:cd25bcecc4974d09257ffcd1f098ee778f7834c3ad767fe5db785be9a4aa9cb2",
                "sha256:d209d8969599b27ad20994c8e41936ee0964e6da07478d6c35016bc386b66ad4",
                "sha256:d5241e0a80d808d70546c697135da2c613f30e28251ff8307eb72ba696945764",
                "sha256:edd8b5fe47dab091176d21bb6de568acdd906d1887a4584a15a9a96a1dca06ef",
                "sha256:f870204a840a60da0b12273ef34f7051e98c3b5961b61b0c2c1be6dfd64fbcd3",
                "sha256:ffa75af20b44f8dba823498024771d5ac50620e6915abac414251bd971b4529f"
            ],
            "index": "pypi",
            "markers": "python_version >= '3.9'",
            "version": "==1.26.4"
        },
        "opencv-python": {
            "hashes": [
                "sha256:2e3c2557b176f1e528417520a52c0600a92c1bb1c359f3df8e6411ab4293f065",
                "sha256:5b49e530f7fd86f671514b39ffacdf5d14ceb073bc79d0de46bbb6b0cad78eaf",
                "sha256:5f78652339957ec24b80a782becfb32f822d2008a865512121fad8c3ce233e9a",
                "sha256:955c5ce8ac90c9e4636ad7f5c0d9c75b80abbe347182cfd09b0e3eec6e50472c",
                "sha256:dbc021eaa310c4145c47cd648cb973db69bb5780d6e635386cd53d3ea76bd2d5",
                "sha256:e6be19a0615aa8c4e0d34e0c7b133e26e386f4b7e9b557b69479104ab2c133ec",
                "sha256:ff54adc9e4daaf438e669664af08bec4a268c7b7356079338b8e4fae03810f2c"
            ],
            "index": "pypi",
            "markers": "python_version >= '3.6'",
            "version": "==4.10.0.82"
        },
        "pillow": {
            "hashes": [
                "sha256:048ad577748b9fa4a99a0548c64f2cb8d672d5bf2e643a739ac8faff1164238c",
                "sha256:048eeade4c33fdf7e08da40ef402e748df113fd0b4584e32c4af74fe78baaeb2",
                "sha256:0ba26351b137ca4e0db0342d5d00d2e355eb29372c05afd544ebf47c0956ffeb",
                "sha256:0ea2a783a2bdf2a561808fe4a7a12e9aa3799b701ba305de596bc48b8bdfce9d",
                "sha256:1530e8f3a4b965eb6a7785cf17a426c779333eb62c9a7d1bbcf3ffd5bf77a4aa",
                "sha256:16563993329b79513f59142a6b02055e10514c1a8e86dca8b48a893e33cf91e3",
                "sha256:19aeb96d43902f0a783946a0a87dbdad5c84c936025b8419da0a0cd7724356b1",
                "sha256:1a1d1915db1a4fdb2754b9de292642a39a7fb28f1736699527bb649484fb966a",
                "sha256:1b87bd9d81d179bd8ab871603bd80d8645729939f90b71e62914e816a76fc6bd",
                "sha256:1dfc94946bc60ea375cc39cff0b8da6c7e5f8fcdc1d946beb8da5c216156ddd8",
                "sha256:2034f6759a722da3a3dbd91a81148cf884e91d1b747992ca288ab88c1de15999",
                "sha256:261ddb7ca91fcf71757979534fb4c128448b5b4c55cb6152d280312062f69599",
                "sha256:2ed854e716a89b1afcedea551cd85f2eb2a807613752ab997b9974aaa0d56936",
                "sha256:3102045a10945173d38336f6e71a8dc71bcaeed55c3123ad4af82c52807b9375",
                "sha256:339894035d0ede518b16073bdc2feef4c991ee991a29774b33e515f1d308e08d",
                "sha256:412444afb8c4c7a6cc11a47dade32982439925537e483be7c0ae0cf96c4f6a0b",
                "sha256:4203efca580f0dd6f882ca211f923168548f7ba334c189e9eab1178ab840bf60",
                "sha256:45ebc7b45406febf07fef35d856f0293a92e7417ae7933207e90bf9090b70572",
                "sha256:4b5ec25d8b17217d635f8935dbc1b9aa5907962fae29dff220f2659487891cd3",
                "sha256:4c8e73e99da7db1b4cad7f8d682cf6abad7844da39834c288fbfa394a47bbced",
                "sha256:4e6f7d1c414191c1199f8996d3f2282b9ebea0945693fb67392c75a3a320941f",
                "sha256:4eaa22f0d22b1a7e93ff0a596d57fdede2e550aecffb5a1ef1106aaece48e96b",
                "sha256:50b8eae8f7334ec826d6eeffaeeb00e36b5e24aa0b9df322c247539714c6df19",
                "sha256:50fd3f6b26e3441ae07b7c979309638b72abc1a25da31a81a7fbd9495713ef4f",
                "sha256:51243f1ed5161b9945011a7360e997729776f6e5d7005ba0c6879267d4c5139d",
                "sha256:5d512aafa1d32efa014fa041d38868fda85028e3f930a96f85d49c7d8ddc0383",
                "sha256:5f77cf66e96ae734717d341c145c5949c63180842a545c47a0ce7ae52ca83795",
                "sha256:6b02471b72526ab8a18c39cb7967b72d194ec53c1fd0a70b050565a0f366d355",
                "sha256:6fb1b30043271ec92dc65f6d9f0b7a830c210b8a96423074b15c7bc999975f57",
                "sha256:7161ec49ef0800947dc5570f86568a7bb36fa97dd09e9827dc02b718c5643f09",
                "sha256:72d622d262e463dfb7595202d229f5f3ab4b852289a1cd09650362db23b9eb0b",
                "sha256:74d28c17412d9caa1066f7a31df8403ec23d5268ba46cd0ad2c50fb82ae40462",
                "sha256:78618cdbccaa74d3f88d0ad6cb8ac3007f1a6fa5c6f19af64b55ca170bfa1edf",
                "sha256:793b4e24db2e8742ca6423d3fde8396db336698c55cd34b660663ee9e45ed37f",
                "sha256:798232c92e7665fe82ac085f9d8e8ca98826f8e27859d9a96b41d519ecd2e49a",
                "sha256:81d09caa7b27ef4e61cb7d8fbf1714f5aec1c6b6c5270ee53504981e6e9121ad",
                "sha256:8ab74c06ffdab957d7670c2a5a6e1a70181cd10b727cd788c4dd9005b6a8acd9",
                "sha256:8eb0908e954d093b02a543dc963984d6e99ad2b5e36503d8a0aaf040505f747d",
                "sha256:90b9e29824800e90c84e4022dd5cc16eb2d9605ee13f05d47641eb183cd73d45",
                "sha256:9797a6c8fe16f25749b371c02e2ade0efb51155e767a971c61734b1bf6293994",
                "sha256:9d2455fbf44c914840c793e89aa82d0e1763a14253a000743719ae5946814b2d",
                "sha256:9d3bea1c75f8c53ee4d505c3e67d8c158ad4df0d83170605b50b64025917f338",
                "sha256:9e2ec1e921fd07c7cda7962bad283acc2f2a9ccc1b971ee4b216b75fad6f0463",
                "sha256:9e91179a242bbc99be65e139e30690e081fe6cb91a8e77faf4c409653de39451",
                "sha256:a0eaa93d054751ee9964afa21c06247779b90440ca41d184aeb5d410f20ff591",
                "sha256:a2c405445c79c3f5a124573a051062300936b0281fee57637e706453e452746c",
                "sha256:aa7e402ce11f0885305bfb6afb3434b3cd8f53b563ac065452d9d5654c7b86fd",
                "sha256:aff76a55a8aa8364d25400a210a65ff59d0168e0b4285ba6bf2bd83cf675ba32",
                "sha256:b09b86b27a064c9624d0a6c54da01c1beaf5b6cadfa609cf63789b1d08a797b9",
                "sha256:b14f16f94cbc61215115b9b1236f9c18403c15dd3c52cf629072afa9d54c1cbf",
                "sha256:b50811d664d392f02f7761621303eba9d1b056fb1868c8cdf4231279645c25f5",
                "sha256:b7bc2176354defba3edc2b9a777744462da2f8e921fbaf61e52acb95bafa9828",
                "sha256:c78e1b00a87ce43bb37642c0812315b411e856a905d58d597750eb79802aaaa3",
                "sha256:c83341b89884e2b2e55886e8fbbf37c3fa5efd6c8907124aeb72f285ae5696e5",
                "sha256:ca2870d5d10d8726a27396d3ca4cf7976cec0f3cb706debe88e3a5bd4610f7d2",
                "sha256:ccce24b7ad89adb5a1e34a6ba96ac2530046763912806ad4c247356a8f33a67b",
                "sha256:cd5e14fbf22a87321b24c88669aad3a51ec052eb145315b3da3b7e3cc105b9a2",
                "sha256:ce49c67f4ea0609933d01c0731b34b8695a7a748d6c8d186f95e7d085d2fe475",
                "sha256:d33891be6df59d93df4d846640f0e46f1a807339f09e79a8040bc887bdcd7ed3",
                "sha256:d3b2348a78bc939b4fed6552abfd2e7988e0f81443ef3911a4b8498ca084f6eb",
                "sha256:d886f5d353333b4771d21267c7ecc75b710f1a73d72d03ca06df49b09015a9ef",
                "sha256:d93480005693d247f8346bc8ee28c72a2191bdf1f6b5db469c096c0c867ac015",
                "sha256:dc1a390a82755a8c26c9964d457d4c9cbec5405896cba94cf51f36ea0d855002",
                "sha256:dd78700f5788ae180b5ee8902c6aea5a5726bac7c364b202b4b3e3ba2d293170",
                "sha256:e46f38133e5a060d46bd630faa4d9fa0202377495df1f068a8299fd78c84de84",
                "sha256:e4b878386c4bf293578b48fc570b84ecfe477d3b77ba39a6e87150af77f40c57",
                "sha256:f0d0591a0aeaefdaf9a5e545e7485f89910c977087e7de2b6c388aec32011e9f",
                "sha256:fdcbb4068117dfd9ce0138d068ac512843c52295ed996ae6dd1faf537b6dbc27",
                "sha256:ff61bfd9253c3915e6d41c651d5f962da23eda633cf02262990094a18a55371a"
            ],
            "markers": "python_version >= '3.8'",
            "version": "==10.3.0"
        },
        "proglog": {
            "hashes": [
                "sha256:19d5da037e8c813da480b741e3fa71fb1ac0a5b02bf21c41577c7f327485ec50",
                "sha256:658c28c9c82e4caeb2f25f488fff9ceace22f8d69b15d0c1c86d64275e4ddab4"
            ],
            "version": "==0.1.10"
        },
        "python-dotenv": {
            "hashes": [
                "sha256:e324ee90a023d808f1959c46bcbc04446a10ced277783dc6ee09987c37ec10ca",
                "sha256:f7b63ef50f1b690dddf550d03497b66d609393b40b564ed0d674909a68ebf16a"
            ],
            "index": "pypi",
            "markers": "python_version >= '3.8'",
            "version": "==1.0.1"
        },
        "requests": {
            "hashes": [
                "sha256:55365417734eb18255590a9ff9eb97e9e1da868d4ccd6402399eaf68af20a760",
                "sha256:70761cfe03c773ceb22aa2f671b4757976145175cdfca038c02654d061d6dcc6"
            ],
            "markers": "python_version >= '3.8'",
            "version": "==2.32.3"
        },
        "setuptools": {
            "hashes": [
                "sha256:54faa7f2e8d2d11bcd2c07bed282eef1046b5c080d1c32add737d7b5817b1ad4",
                "sha256:f211a66637b8fa059bb28183da127d4e86396c991a942b028c6650d4319c3fd0"
            ],
            "markers": "python_version >= '3.8'",
            "version": "==70.0.0"
        },
        "tqdm": {
            "hashes": [
                "sha256:b75ca56b413b030bc3f00af51fd2c1a1a5eac6a0c1cca83cbb37a5c52abce644",
                "sha256:e4d936c9de8727928f3be6079590e97d9abfe8d39a590be678eb5919ffc186bb"
            ],
            "markers": "python_version >= '3.7'",
            "version": "==4.66.4"
        },
        "urllib3": {
            "hashes": [
                "sha256:450b20ec296a467077128bff42b73080516e71b56ff59a60a02bef2232c4fa9d",
                "sha256:d0570876c61ab9e520d776c38acbbb5b05a776d3f9ff98a5c8fd5162a444cf19"
            ],
            "markers": "python_version >= '3.8'",
            "version": "==2.2.1"
        }
    },
    "develop": {}
}
